
Microsoft Visual Studio Solution File, Format Version 12.00
# Visual Studio Version 17
VisualStudioVersion = 17.3.32929.385
MinimumVisualStudioVersion = 10.0.40219.1
Project("{9A19103F-16F7-4668-BE54-9A1E7A4F7556}") = "Repository", "Repository\Repository.csproj", "{69D2FDC4-9816-4351-89FD-9B44F24E07F2}"
EndProject
Project("{9A19103F-16F7-4668-BE54-9A1E7A4F7556}") = "Services", "Services\Services.csproj", "{4CC9CA69-ED58-400C-9B19-4D7FBD4DE03B}"
EndProject
Project("{9A19103F-16F7-4668-BE54-9A1E7A4F7556}") = "Mock", "Mock\Mock.csproj", "{49AE5190-43F1-4A3E-BC45-2038C0F498A6}"
EndProject
Project("{9A19103F-16F7-4668-BE54-9A1E7A4F7556}") = "Common", "Common\Common.csproj", "{BA0F77A4-127F-4B88-BE43-A0C24AFEA0EF}"
EndProject
Project("{9A19103F-16F7-4668-BE54-9A1E7A4F7556}") = "TrekOnTop", "TrekOnTop\TrekOnTop.csproj", "{651EC992-43F0-4842-8870-00AE0A695396}"
EndProject
Global
	GlobalSection(SolutionConfigurationPlatforms) = preSolution
		Debug|Any CPU = Debug|Any CPU
		Release|Any CPU = Release|Any CPU
	EndGlobalSection
	GlobalSection(ProjectConfigurationPlatforms) = postSolution
		{69D2FDC4-9816-4351-89FD-9B44F24E07F2}.Debug|Any CPU.ActiveCfg = Debug|Any CPU
		{69D2FDC4-9816-4351-89FD-9B44F24E07F2}.Debug|Any CPU.Build.0 = Debug|Any CPU
		{69D2FDC4-9816-4351-89FD-9B44F24E07F2}.Release|Any CPU.ActiveCfg = Release|Any CPU
		{69D2FDC4-9816-4351-89FD-9B44F24E07F2}.Release|Any CPU.Build.0 = Release|Any CPU
		{4CC9CA69-ED58-400C-9B19-4D7FBD4DE03B}.Debug|Any CPU.ActiveCfg = Debug|Any CPU
		{4CC9CA69-ED58-400C-9B19-4D7FBD4DE03B}.Debug|Any CPU.Build.0 = Debug|Any CPU
		{4CC9CA69-ED58-400C-9B19-4D7FBD4DE03B}.Release|Any CPU.ActiveCfg = Release|Any CPU
		{4CC9CA69-ED58-400C-9B19-4D7FBD4DE03B}.Release|Any CPU.Build.0 = Release|Any CPU
		{49AE5190-43F1-4A3E-BC45-2038C0F498A6}.Debug|Any CPU.ActiveCfg = Debug|Any CPU
		{49AE5190-43F1-4A3E-BC45-2038C0F498A6}.Debug|Any CPU.Build.0 = Debug|Any CPU
		{49AE5190-43F1-4A3E-BC45-2038C0F498A6}.Release|Any CPU.ActiveCfg = Release|Any CPU
		{49AE5190-43F1-4A3E-BC45-2038C0F498A6}.Release|Any CPU.Build.0 = Release|Any CPU
		{BA0F77A4-127F-4B88-BE43-A0C24AFEA0EF}.Debug|Any CPU.ActiveCfg = Debug|Any CPU
		{BA0F77A4-127F-4B88-BE43-A0C24AFEA0EF}.Debug|Any CPU.Build.0 = Debug|Any CPU
		{BA0F77A4-127F-4B88-BE43-A0C24AFEA0EF}.Release|Any CPU.ActiveCfg = Release|Any CPU
		{BA0F77A4-127F-4B88-BE43-A0C24AFEA0EF}.Release|Any CPU.Build.0 = Release|Any CPU
		{651EC992-43F0-4842-8870-00AE0A695396}.Debug|Any CPU.ActiveCfg = Debug|Any CPU
		{651EC992-43F0-4842-8870-00AE0A695396}.Debug|Any CPU.Build.0 = Debug|Any CPU
		{651EC992-43F0-4842-8870-00AE0A695396}.Release|Any CPU.ActiveCfg = Release|Any CPU
		{651EC992-43F0-4842-8870-00AE0A695396}.Release|Any CPU.Build.0 = Release|Any CPU
	EndGlobalSection
	GlobalSection(SolutionProperties) = preSolution
		HideSolutionNode = FALSE
	EndGlobalSection
	GlobalSection(ExtensibilityGlobals) = postSolution
		SolutionGuid = {5D52483B-3581-4EA9-A567-DCFD11068F17}
	EndGlobalSection
EndGlobal
